
Microsoft Visual Studio Solution File, Format Version 12.00
# Visual Studio Version 17
VisualStudioVersion = 17.0.32112.339
MinimumVisualStudioVersion = 10.0.40219.1
Project("{9A19103F-16F7-4668-BE54-9A1E7A4F7556}") = "ChatLibrary", "ChatClient\ChatLibrary.csproj", "{1ABAC20E-9B21-46DC-923E-30CB4E5BEF0E}"
EndProject
Global
	GlobalSection(SolutionConfigurationPlatforms) = preSolution
		Debug|Any CPU = Debug|Any CPU
		Release|Any CPU = Release|Any CPU
	EndGlobalSection
	GlobalSection(ProjectConfigurationPlatforms) = postSolution
		{1ABAC20E-9B21-46DC-923E-30CB4E5BEF0E}.Debug|Any CPU.ActiveCfg = Debug|Any CPU
		{1ABAC20E-9B21-46DC-923E-30CB4E5BEF0E}.Debug|Any CPU.Build.0 = Debug|Any CPU
		{1ABAC20E-9B21-46DC-923E-30CB4E5BEF0E}.Release|Any CPU.ActiveCfg = Release|Any CPU
		{1ABAC20E-9B21-46DC-923E-30CB4E5BEF0E}.Release|Any CPU.Build.0 = Release|Any CPU
	EndGlobalSection
	GlobalSection(SolutionProperties) = preSolution
		HideSolutionNode = FALSE
	EndGlobalSection
	GlobalSection(ExtensibilityGlobals) = postSolution
		SolutionGuid = {9C3829C3-58AE-4BDF-AFBC-8BEBDA0DA0E7}
	EndGlobalSection
EndGlobal
